# This file is autogenerated, do not edit; changes may be undone by the next 'dep ensure'.


[[projects]]
  digest = "1:e17320223c7c866dfbec405efe8abc8e383ccad131fb76ca7ff70580dafb9067"
  name = "github.com/go-redis/redis"
  packages = [
    ".",
    "internal",
    "internal/consistenthash",
    "internal/hashtag",
    "internal/pool",
    "internal/proto",
    "internal/util",
  ]
  pruneopts = "UT"
  revision = "99cd690a7019656b0b67c6664453f27a6d8a658e"
  version = "v6.15.7"

[[projects]]
  branch = "master"
  digest = "1:f8d0c69b6a763acc7126ec6e8c1a51ad54372a2dbcf6c51fbabb369bd8418da8"
  name = "github.com/lorenzodisidoro/rsa-oaep"
  packages = ["."]
  pruneopts = "UT"
  revision = "d3f395cafccd41eacaf8e680ee482191c3a0dcab"

[[projects]]
  digest = "1:c7db0d7eb0409eda9ac91b3a9d9ed49a019d0c9c82c6dd4e4bfcf97267c7d435"
  name = "go.etcd.io/bbolt"
  packages = ["."]
  pruneopts = "UT"
  revision = "68cc10a767ea1c6b9e8dcb9847317ff192d6d974"
  version = "v1.3.4"

[[projects]]
  branch = "master"
  digest = "1:f88172369bcdae548777d8f2c59b11561f7e41686f426c583a7abaeec6978cc7"
  name = "golang.org/x/sys"
  packages = ["unix"]
  pruneopts = "UT"
  revision = "1957bb5e6d1f523308b49060df02171d06ddfc77"

[solve-meta]
  analyzer-name = "dep"
  analyzer-version = 1
  input-imports = [
    "github.com/go-redis/redis",
    "github.com/lorenzodisidoro/rsa-oaep",
    "go.etcd.io/bbolt",
  ]
  solver-name = "gps-cdcl"
  solver-version = 1
